{
    "_meta": {
        "hash": {
            "sha256": "38d4b643029171f7b86ffa5c0c204be3ad643af6e81280289a878b41bbefc121"
        },
        "pipfile-spec": 6,
        "requires": {
            "python_version": "3.12"
        },
        "sources": [
            {
                "name": "pypi",
                "url": "https://pypi.org/simple",
                "verify_ssl": true
            }
        ]
    },
    "default": {
        "arduino-iot-cloud": {
            "hashes": [
                "sha256:55344f3597c428f8b58e92eede1ae8fe2fb9780de2d259c54928e973a06aefff",
                "sha256:e84d37cbd13e3de46fd551779e3b80fda0f96e6e87dbfed33dbc5b4373037aed"
            ],
            "index": "pypi",
            "markers": "python_version >= '3.8'",
            "version": "==1.3.3"
        },
        "bcrypt": {
            "hashes": [
                "sha256:096a15d26ed6ce37a14c1ac1e48119660f21b24cba457f160a4b830f3fe6b5cb",
                "sha256:0da52759f7f30e83f1e30a888d9163a81353ef224d82dc58eb5bb52efcabc399",
                "sha256:1bb429fedbe0249465cdd85a58e8376f31bb315e484f16e68ca4c786dcc04291",
                "sha256:1d84cf6d877918620b687b8fd1bf7781d11e8a0998f576c7aa939776b512b98d",
                "sha256:1ee38e858bf5d0287c39b7a1fc59eec64bbf880c7d504d3a06a96c16e14058e7",
                "sha256:1ff39b78a52cf03fdf902635e4c81e544714861ba3f0efc56558979dd4f09170",
                "sha256:27fe0f57bb5573104b5a6de5e4153c60814c711b29364c10a75a54bb6d7ff48d",
                "sha256:3413bd60460f76097ee2e0a493ccebe4a7601918219c02f503984f0a7ee0aebe",
                "sha256:3698393a1b1f1fd5714524193849d0c6d524d33523acca37cd28f02899285060",
                "sha256:373db9abe198e8e2c70d12b479464e0d5092cc122b20ec504097b5f2297ed184",
                "sha256:39e1d30c7233cfc54f5c3f2c825156fe044efdd3e0b9d309512cc514a263ec2a",
                "sha256:3bbbfb2734f0e4f37c5136130405332640a1e46e6b23e000eeff2ba8d005da68",
                "sha256:3d3a6d28cb2305b43feac298774b997e372e56c7c7afd90a12b3dc49b189151c",
                "sha256:5a1e8aa9b28ae28020a3ac4b053117fb51c57a010b9f969603ed885f23841458",
                "sha256:61ed14326ee023917ecd093ee6ef422a72f3aec6f07e21ea5f10622b735538a9",
                "sha256:655ea221910bcac76ea08aaa76df427ef8625f92e55a8ee44fbf7753dbabb328",
                "sha256:762a2c5fb35f89606a9fde5e51392dad0cd1ab7ae64149a8b935fe8d79dd5ed7",
                "sha256:77800b7147c9dc905db1cba26abe31e504d8247ac73580b4aa179f98e6608f34",
                "sha256:8ac68872c82f1add6a20bd489870c71b00ebacd2e9134a8aa3f98a0052ab4b0e",
                "sha256:8d7bb9c42801035e61c109c345a28ed7e84426ae4865511eb82e913df18f58c2",
                "sha256:8f6ede91359e5df88d1f5c1ef47428a4420136f3ce97763e31b86dd8280fbdf5",
                "sha256:9c1c4ad86351339c5f320ca372dfba6cb6beb25e8efc659bedd918d921956bae",
                "sha256:c02d944ca89d9b1922ceb8a46460dd17df1ba37ab66feac4870f6862a1533c00",
                "sha256:c52aac18ea1f4a4f65963ea4f9530c306b56ccd0c6f8c8da0c06976e34a6e841",
                "sha256:cb2a8ec2bc07d3553ccebf0746bbf3d19426d1c6d1adbd4fa48925f66af7b9e8",
                "sha256:cf69eaf5185fd58f268f805b505ce31f9b9fc2d64b376642164e9244540c1221",
                "sha256:f4f4acf526fcd1c34e7ce851147deedd4e26e6402369304220250598b26448db"
            ],
            "markers": "python_version >= '3.7'",
            "version": "==4.2.0"
        },
        "blinker": {
            "hashes": [
                "sha256:1779309f71bf239144b9399d06ae925637cf6634cf6bd131104184531bf67c01",
                "sha256:8f77b09d3bf7c795e969e9486f39c2c5e9c39d4ee07424be2bc594ece9642d83"
            ],
            "index": "pypi",
            "markers": "python_version >= '3.8'",
            "version": "==1.8.2"
        },
        "cbor2": {
            "hashes": [
                "sha256:3038523b8fc7de312bb9cdcbbbd599987e64307c4db357cd2030c472a6c7d468",
                "sha256:34cf5ab0dc310c3d0196caa6ae062dc09f6c242e2544bea01691fe60c0230596",
                "sha256:37096663a5a1c46a776aea44906cbe5fa3952f29f50f349179c00525d321c862",
                "sha256:38886c41bebcd7dca57739439455bce759f1e4c551b511f618b8e9c1295b431b",
                "sha256:3d1a18b3a58dcd9b40ab55c726160d4a6b74868f2a35b71f9e726268b46dc6a2",
                "sha256:4586a4f65546243096e56a3f18f29d60752ee9204722377021b3119a03ed99ff",
                "sha256:47261f54a024839ec649b950013c4de5b5f521afe592a2688eebbe22430df1dc",
                "sha256:54c72a3207bb2d4480c2c39dad12d7971ce0853a99e3f9b8d559ce6eac84f66f",
                "sha256:559dcf0d897260a9e95e7b43556a62253e84550b77147a1ad4d2c389a2a30192",
                "sha256:5b856fda4c50c5bc73ed3664e64211fa4f015970ed7a15a4d6361bd48462feaf",
                "sha256:5ce13a27ef8fddf643fc17a753fe34aa72b251d03c23da6a560c005dc171085b",
                "sha256:5cff06464b8f4ca6eb9abcba67bda8f8334a058abc01005c8e616728c387ad32",
                "sha256:61ceb77e6aa25c11c814d4fe8ec9e3bac0094a1f5bd8a2a8c95694596ea01e08",
                "sha256:66dd25dd919cddb0b36f97f9ccfa51947882f064729e65e6bef17c28535dc459",
                "sha256:6797b824b26a30794f2b169c0575301ca9b74ae99064e71d16e6ba0c9057de51",
                "sha256:6e14a1bf6269d25e02ef1d4008e0ce8880aa271d7c6b4c329dba48645764f60e",
                "sha256:73b9647eed1493097db6aad61e03d8f1252080ee041a1755de18000dd2c05f37",
                "sha256:7488aec919f8408f9987a3a32760bd385d8628b23a35477917aa3923ff6ad45f",
                "sha256:7f6d69f38f7d788b04c09ef2b06747536624b452b3c8b371ab78ad43b0296fab",
                "sha256:824f202b556fc204e2e9a67d6d6d624e150fbd791278ccfee24e68caec578afd",
                "sha256:863e0983989d56d5071270790e7ed8ddbda88c9e5288efdb759aba2efee670bc",
                "sha256:87026fc838370d69f23ed8572939bd71cea2b3f6c8f8bb8283f573374b4d7f33",
                "sha256:8f747b7a9aaa58881a0c5b4cd4a9b8fb27eca984ed261a769b61de1f6b5bd1e6",
                "sha256:90bfa36944caccec963e6ab7e01e64e31cc6664535dc06e6295ee3937c999cbb",
                "sha256:93676af02bd9a0b4a62c17c5b20f8e9c37b5019b1a24db70a2ee6cb770423568",
                "sha256:94885903105eec66d7efb55f4ce9884fdc5a4d51f3bd75b6fedc68c5c251511b",
                "sha256:97a7e409b864fecf68b2ace8978eb5df1738799a333ec3ea2b9597bfcdd6d7d2",
                "sha256:a34ee99e86b17444ecbe96d54d909dd1a20e2da9f814ae91b8b71cf1ee2a95e4",
                "sha256:a3ac50485cf67dfaab170a3e7b527630e93cb0a6af8cdaa403054215dff93adf",
                "sha256:a83b76367d1c3e69facbcb8cdf65ed6948678e72f433137b41d27458aa2a40cb",
                "sha256:a88f029522aec5425fc2f941b3df90da7688b6756bd3f0472ab886d21208acbd",
                "sha256:a8947c102cac79d049eadbd5e2ffb8189952890df7cbc3ee262bbc2f95b011a9",
                "sha256:ae2b49226224e92851c333b91d83292ec62eba53a19c68a79890ce35f1230d70",
                "sha256:b682820677ee1dbba45f7da11898d2720f92e06be36acec290867d5ebf3d7e09",
                "sha256:b9d15b638539b68aa5d5eacc56099b4543a38b2d2c896055dccf7e83d24b7955",
                "sha256:e16c4a87fc999b4926f5c8f6c696b0d251b4745bc40f6c5aee51d69b30b15ca2",
                "sha256:e25c2aebc9db99af7190e2261168cdde8ed3d639ca06868e4f477cf3a228a8e9",
                "sha256:f0d0a9c5aabd48ecb17acf56004a7542a0b8d8212be52f3102b8218284bd881e",
                "sha256:f2764804ffb6553283fc4afb10a280715905a4cea4d6dc7c90d3e89c4a93bc8d",
                "sha256:f4c7dbcdc59ea7f5a745d3e30ee5e6b6ff5ce7ac244aa3de6786391b10027bb3",
                "sha256:f91e6d74fa6917df31f8757fdd0e154203b0dd0609ec53eb957016a2b474896a",
                "sha256:fa61a02995f3a996c03884cf1a0b5733f88cbfd7fa0e34944bf678d4227ee712",
                "sha256:fde21ac1cf29336a31615a2c469a9cb03cf0add3ae480672d4d38cda467d07fc",
                "sha256:fe11c2eb518c882cfbeed456e7a552e544893c17db66fe5d3230dbeaca6b615c"
            ],
            "markers": "python_version >= '3.8'",
            "version": "==5.6.5"
        },
        "click": {
            "hashes": [
                "sha256:ae74fb96c20a0277a1d615f1e4d73c8414f5a98db8b799a7931d1582f3390c28",
                "sha256:ca9853ad459e787e2192211578cc907e7594e294c7ccc834310722b41b9ca6de"
            ],
            "index": "pypi",
            "markers": "python_version >= '3.7'",
            "version": "==8.1.7"
        },
        "flask": {
            "hashes": [
                "sha256:34e815dfaa43340d1d15a5c3a02b8476004037eb4840b34910c6e21679d288f3",
                "sha256:ceb27b0af3823ea2737928a4d99d125a06175b8512c445cbd9a9ce200ef76842"
            ],
            "index": "pypi",
            "markers": "python_version >= '3.8'",
            "version": "==3.0.3"
        },
        "flask-bcrypt": {
            "hashes": [
                "sha256:062fd991dc9118d05ac0583675507b9fe4670e44416c97e0e6819d03d01f808a",
                "sha256:f07b66b811417ea64eb188ae6455b0b708a793d966e1a80ceec4a23bc42a4369"
            ],
            "index": "pypi",
            "version": "==1.0.1"
        },
        "flask-login": {
            "hashes": [
                "sha256:5e23d14a607ef12806c699590b89d0f0e0d67baeec599d75947bf9c147330333",
                "sha256:849b25b82a436bf830a054e74214074af59097171562ab10bfa999e6b78aae5d"
            ],
            "index": "pypi",
            "markers": "python_version >= '3.7'",
            "version": "==0.6.3"
        },
        "importlib-metadata": {
            "hashes": [
                "sha256:45e54197d28b7a7f1559e60b95e7c567032b602131fbd588f1497f47880aa68b",
                "sha256:71522656f0abace1d072b9e5481a48f07c138e00f079c38c8f883823f9c26bd7"
            ],
            "index": "pypi",
            "markers": "python_version >= '3.8'",
            "version": "==8.5.0"
        },
        "itsdangerous": {
            "hashes": [
                "sha256:c6242fc49e35958c8b15141343aa660db5fc54d4f13a1db01a3f5891b98700ef",
                "sha256:e0050c0b7da1eea53ffaf149c0cfbb5c6e2e2b69c4bef22c81fa6eb73e5f6173"
            ],
            "index": "pypi",
            "markers": "python_version >= '3.8'",
            "version": "==2.2.0"
        },
        "jinja2": {
            "hashes": [
                "sha256:4a3aee7acbbe7303aede8e9648d13b8bf88a429282aa6122a993f0ac800cb369",
                "sha256:bc5dd2abb727a5319567b7a813e6a2e7318c39f4f487cfe6c89c6f9c7d25197d"
            ],
            "index": "pypi",
            "markers": "python_version >= '3.7'",
            "version": "==3.1.4"
        },
        "markupsafe": {
            "hashes": [
                "sha256:0bff5e0ae4ef2e1ae4fdf2dfd5b76c75e5c2fa4132d05fc1b0dabcd20c7e28c4",
                "sha256:0f4ca02bea9a23221c0182836703cbf8930c5e9454bacce27e767509fa286a30",
                "sha256:1225beacc926f536dc82e45f8a4d68502949dc67eea90eab715dea3a21c1b5f0",
                "sha256:131a3c7689c85f5ad20f9f6fb1b866f402c445b220c19fe4308c0b147ccd2ad9",
                "sha256:15ab75ef81add55874e7ab7055e9c397312385bd9ced94920f2802310c930396",
                "sha256:1a9d3f5f0901fdec14d8d2f66ef7d035f2157240a433441719ac9a3fba440b13",
                "sha256:1c99d261bd2d5f6b59325c92c73df481e05e57f19837bdca8413b9eac4bd8028",
                "sha256:1e084f686b92e5b83186b07e8a17fc09e38fff551f3602b249881fec658d3eca",
                "sha256:2181e67807fc2fa785d0592dc2d6206c019b9502410671cc905d132a92866557",
                "sha256:2cb8438c3cbb25e220c2ab33bb226559e7afb3baec11c4f218ffa7308603c832",
                "sha256:3169b1eefae027567d1ce6ee7cae382c57fe26e82775f460f0b2778beaad66c0",
                "sha256:3809ede931876f5b2ec92eef964286840ed3540dadf803dd570c3b7e13141a3b",
                "sha256:38a9ef736c01fccdd6600705b09dc574584b89bea478200c5fbf112a6b0d5579",
                "sha256:3d79d162e7be8f996986c064d1c7c817f6df3a77fe3d6859f6f9e7be4b8c213a",
                "sha256:444dcda765c8a838eaae23112db52f1efaf750daddb2d9ca300bcae1039adc5c",
                "sha256:48032821bbdf20f5799ff537c7ac3d1fba0ba032cfc06194faffa8cda8b560ff",
                "sha256:4aa4e5faecf353ed117801a068ebab7b7e09ffb6e1d5e412dc852e0da018126c",
                "sha256:52305740fe773d09cffb16f8ed0427942901f00adedac82ec8b67752f58a1b22",
                "sha256:569511d3b58c8791ab4c2e1285575265991e6d8f8700c7be0e88f86cb0672094",
                "sha256:57cb5a3cf367aeb1d316576250f65edec5bb3be939e9247ae594b4bcbc317dfb",
                "sha256:5b02fb34468b6aaa40dfc198d813a641e3a63b98c2b05a16b9f80b7ec314185e",
                "sha256:6381026f158fdb7c72a168278597a5e3a5222e83ea18f543112b2662a9b699c5",
                "sha256:6af100e168aa82a50e186c82875a5893c5597a0c1ccdb0d8b40240b1f28b969a",
                "sha256:6c89876f41da747c8d3677a2b540fb32ef5715f97b66eeb0c6b66f5e3ef6f59d",
                "sha256:6e296a513ca3d94054c2c881cc913116e90fd030ad1c656b3869762b754f5f8a",
                "sha256:70a87b411535ccad5ef2f1df5136506a10775d267e197e4cf531ced10537bd6b",
                "sha256:7e94c425039cde14257288fd61dcfb01963e658efbc0ff54f5306b06054700f8",
                "sha256:846ade7b71e3536c4e56b386c2a47adf5741d2d8b94ec9dc3e92e5e1ee1e2225",
                "sha256:88416bd1e65dcea10bc7569faacb2c20ce071dd1f87539ca2ab364bf6231393c",
                "sha256:88b49a3b9ff31e19998750c38e030fc7bb937398b1f78cfa599aaef92d693144",
                "sha256:8c4e8c3ce11e1f92f6536ff07154f9d49677ebaaafc32db9db4620bc11ed480f",
                "sha256:8e06879fc22a25ca47312fbe7c8264eb0b662f6db27cb2d3bbbc74b1df4b9b87",
                "sha256:9025b4018f3a1314059769c7bf15441064b2207cb3f065e6ea1e7359cb46db9d",
                "sha256:93335ca3812df2f366e80509ae119189886b0f3c2b81325d39efdb84a1e2ae93",
                "sha256:9778bd8ab0a994ebf6f84c2b949e65736d5575320a17ae8984a77fab08db94cf",
                "sha256:9e2d922824181480953426608b81967de705c3cef4d1af983af849d7bd619158",
                "sha256:a123e330ef0853c6e822384873bef7507557d8e4a082961e1defa947aa59ba84",
                "sha256:a904af0a6162c73e3edcb969eeeb53a63ceeb5d8cf642fade7d39e7963a22ddb",
                "sha256:ad10d3ded218f1039f11a75f8091880239651b52e9bb592ca27de44eed242a48",
                "sha256:b424c77b206d63d500bcb69fa55ed8d0e6a3774056bdc4839fc9298a7edca171",
                "sha256:b5a6b3ada725cea8a5e634536b1b01c30bcdcd7f9c6fff4151548d5bf6b3a36c",
                "sha256:ba8062ed2cf21c07a9e295d5b8a2a5ce678b913b45fdf68c32d95d6c1291e0b6",
                "sha256:ba9527cdd4c926ed0760bc301f6728ef34d841f405abf9d4f959c478421e4efd",
                "sha256:bbcb445fa71794da8f178f0f6d66789a28d7319071af7a496d4d507ed566270d",
                "sha256:bcf3e58998965654fdaff38e58584d8937aa3096ab5354d493c77d1fdd66d7a1",
                "sha256:c0ef13eaeee5b615fb07c9a7dadb38eac06a0608b41570d8ade51c56539e509d",
                "sha256:cabc348d87e913db6ab4aa100f01b08f481097838bdddf7c7a84b7575b7309ca",
                "sha256:cdb82a876c47801bb54a690c5ae105a46b392ac6099881cdfb9f6e95e4014c6a",
                "sha256:cfad01eed2c2e0c01fd0ecd2ef42c492f7f93902e39a42fc9ee1692961443a29",
                "sha256:d16a81a06776313e817c951135cf7340a3e91e8c1ff2fac444cfd75fffa04afe",
                "sha256:d8213e09c917a951de9d09ecee036d5c7d36cb6cb7dbaece4c71a60d79fb9798",
                "sha256:e07c3764494e3776c602c1e78e298937c3315ccc9043ead7e685b7f2b8d47b3c",
                "sha256:e17c96c14e19278594aa4841ec148115f9c7615a47382ecb6b82bd8fea3ab0c8",
                "sha256:e444a31f8db13eb18ada366ab3cf45fd4b31e4db1236a4448f68778c1d1a5a2f",
                "sha256:e6a2a455bd412959b57a172ce6328d2dd1f01cb2135efda2e4576e8a23fa3b0f",
                "sha256:eaa0a10b7f72326f1372a713e73c3f739b524b3af41feb43e4921cb529f5929a",
                "sha256:eb7972a85c54febfb25b5c4b4f3af4dcc731994c7da0d8a0b4a6eb0640e1d178",
                "sha256:ee55d3edf80167e48ea11a923c7386f4669df67d7994554387f84e7d8b0a2bf0",
                "sha256:f3818cb119498c0678015754eba762e0d61e5b52d34c8b13d770f0719f7b1d79",
                "sha256:f8b3d067f2e40fe93e1ccdd6b2e1d16c43140e76f02fb1319a05cf2b79d99430",
                "sha256:fcabf5ff6eea076f859677f5f0b6b5c1a51e70a376b0579e0eadef8db48c6b50"
            ],
            "index": "pypi",
            "markers": "python_version >= '3.9'",
            "version": "==3.0.2"
        },
        "micropython-senml": {
            "hashes": [
                "sha256:6e65877a8b0b0efd548c0f539be02477a7026bbce7399b5c578deb501e89450a"
            ],
            "version": "==0.1.1"
        },
        "mysql-connector-python": {
            "hashes": [
                "sha256:109e17a4ada1442e3881a51e2bbabcb336ad229a619ac61e9ad24bd6b9b117bd",
                "sha256:25e261f3260ec798c48cb910862a299e565548a1b5421dec84315ddbc9ef28c4",
                "sha256:28fd99ee464ac3b02d1e2a71a63ca4f25c6110e4414a46a5b64631e6d2096899",
                "sha256:30a8f0ba84f8adf15a4877e80b3f97f786ce35616d918b9310578a2bd22952d5",
                "sha256:346261a2aeb743a39cf66ba8bde5e45931d313b76ce0946a69a6d1187ec7d279",
                "sha256:4f102452c64332b7e042fa37b84d4f15332bd639e479d15035f2a005fb9fbb34",
                "sha256:6d7d5d458d0d600bbbebd9f2bce551e386b359bcce6026f7369b57922d26f13a",
                "sha256:72dcce5f2e4f5910d65f02eb318c1e4622464da007a3ae5e9ccd64169d8efac3",
                "sha256:7b2eb48518b8c2bc9636883d264b291e5c93824fc6b61823ca9cf396a09474ad",
                "sha256:7d99c0a841a2c2a0e4d5b28376c1bfac794ec3821b66eb6fa2f7702cec820ee8",
                "sha256:948ef0c7da87901176d4320e0f40a3277ee06fe6f58ce151c1e60d8d50fdeaf4",
                "sha256:9b23a8e2acee91b5120febe00c53e7f472b9b6d49618e39fa1af86cdc1f0ade8",
                "sha256:abf16fc1155ebeba5558e5702dd7210d634ac8da484eca05a640b68a548dc7cf",
                "sha256:aceaab679b852c0a2ec0eed9eb2a490171b3493484f1881b605cbf2f9c5fde6d",
                "sha256:c350b1aaf257b1b778f44b8bfaeda07751f55e150f5a7464342f36e4aac8e805",
                "sha256:c36a9b9ebf9587aaa5d7928468fefe8faf6fc993a03cb242bb160ede9cf75b2d",
                "sha256:c75f674a52b8820c90d466183b2bb59f89bcf09d17ebe9b391313d89565c8896",
                "sha256:d627ebafc0327b935d8783454e7a4b5c32324ed39a2a1589239490ab850bf7d7",
                "sha256:dacf1aa84dc7dd8ae908626c3ae50fce956d0105130c7465fd248a4f035d50b1",
                "sha256:dcdcf380d07b9ca6f18a95e9516a6185f2ab31a53d290d5e698e77e59c043c9e",
                "sha256:e15153cb8ab5fcec00b99077de536489d22d4809fc28f633850398fef0560b1f",
                "sha256:e26a08a9500407fa8f4a6504f7077d1312bec4fa52cb0a58c1ad324ca1f3eeaa",
                "sha256:e2f0876e1efd76e05853cb0a623dba2746ee70686c043019d811737dd5c3d871",
                "sha256:e75ecb3df2c2cbe4d92d5dd58a318fa708edebc0fa2d850fc2a9d42481dbb808",
                "sha256:ec4386b2426bfb07f83455bf895d8a7e2d6c067343ac05be5511083ca2424991",
                "sha256:f67b22e3eaf5b03ffac97232d3dd67b56abcacad907ad4391c847bad5ba58f0e",
                "sha256:fec943d333851c4b5e57cd0b04dde36e6817f0d4d62b2a58ce028a82be444866"
            ],
            "index": "pypi",
            "markers": "python_version >= '3.9'",
            "version": "==9.1.0"
        },
        "pymysql": {
            "hashes": [
                "sha256:4de15da4c61dc132f4fb9ab763063e693d521a80fd0e87943b9a453dd4c19d6c",
                "sha256:e127611aaf2b417403c60bf4dc570124aeb4a57f5f37b8e95ae399a42f904cd0"
            ],
            "index": "pypi",
            "markers": "python_version >= '3.7'",
            "version": "==1.1.1"
        },
        "pyserial": {
            "hashes": [
                "sha256:3c77e014170dfffbd816e6ffc205e9842efb10be9f58ec16d3e8675b4925cddb",
                "sha256:c4451db6ba391ca6ca299fb3ec7bae67a5c55dde170964c7a14ceefec02f2cf0"
            ],
            "index": "pypi",
            "version": "==3.5"
        },
        "python-dotenv": {
            "hashes": [
                "sha256:e324ee90a023d808f1959c46bcbc04446a10ced277783dc6ee09987c37ec10ca",
                "sha256:f7b63ef50f1b690dddf550d03497b66d609393b40b564ed0d674909a68ebf16a"
            ],
            "index": "pypi",
            "markers": "python_version >= '3.8'",
            "version": "==1.0.1"
        },
        "swig": {
            "hashes": [
                "sha256:45c5865529061d48dc83a88d953ddc16515bb9083d5886e69547ef9a2c0df657",
                "sha256:63f5264b8381e30b61b8a4b4e0687826d2ec3bcfacbdec300eabf7d807eace44",
                "sha256:6ebaf656ac7345dbf231d7019e9223619eeaf37885e8617afb01f6ceb746a125",
                "sha256:82a0e0f85afef3db2f36ce02dbbb38e3797edf47091ca2941ee6325eb9fb693d",
                "sha256:92c11267dd66ba5a3f3eab5d4a33f5b4766157b37898479ee2cfb352d9b71689",
                "sha256:a124b2ea71e4986bde1b728497693ce709d9c949a3e9df8646a96e798ad72e54",
                "sha256:a234bbd400653faf4a742a6cbc40c993cb73bd493d7bd7783bbd428b32661a72",
                "sha256:a5ae629fcbb14ac6e00312fe19468e41fbbd7fa08398327db4543be2f05c2773",
                "sha256:b1984af33541a967feb6c05409cfaf6a76fbd0c785cc68e2138696cded2fc156",
                "sha256:b86510c1de65c7029d1797c22ace20da0ec79c04908b8f7f38b60858fb5b48ac",
                "sha256:bf1d1887355b235e7e817b2c5f7195e5152c2355daa326a2b6e6e5e54bf47859",
                "sha256:ceb0f0e0d78fb5993d2765cc96b80fd66209ea43264836d5af5ecc82cdf8f992",
                "sha256:d4cace0447a70154fd0217b1fe85c835501ddc3f45fd60571a1c45fdca282891",
                "sha256:ebb0bda0be53e58ccd3eaef1ea6bfb00fc645f590d4bc05157310414ea4f4824",
                "sha256:ebcc382cf1e276c3e88357689de51a7b088ac72a7b0db6c71edabab9aa91e0d8"
            ],
            "index": "pypi",
            "version": "==4.2.1.post0"
        },
        "werkzeug": {
            "hashes": [
                "sha256:02c9eb92b7d6c06f31a782811505d2157837cea66aaede3e217c7c27c039476c",
                "sha256:34f2371506b250df4d4f84bfe7b0921e4762525762bbd936614909fe25cd7306"
            ],
            "index": "pypi",
            "markers": "python_version >= '3.8'",
            "version": "==3.0.4"
        },
        "zipp": {
            "hashes": [
                "sha256:a817ac80d6cf4b23bf7f2828b7cabf326f15a001bea8b1f9b49631780ba28350",
                "sha256:bc9eb26f4506fda01b81bcde0ca78103b6e62f991b381fec825435c836edbc29"
            ],
            "index": "pypi",
            "markers": "python_version >= '3.8'",
            "version": "==3.20.2"
        }
    },
    "develop": {}
}
