{
    "_meta": {
        "hash": {
            "sha256": "b03b4b2ff911b8c951e9776a8f754e83a77d8197e9367ca1214ce3e27d15a408"
        },
        "pipfile-spec": 6,
        "requires": {
            "python_version": "3.9"
        },
        "sources": [
            {
                "name": "pypi",
                "url": "https://pypi.org/simple",
                "verify_ssl": true
            }
        ]
    },
    "default": {
        "arduino-iot-cloud": {
            "hashes": [
                "sha256:55344f3597c428f8b58e92eede1ae8fe2fb9780de2d259c54928e973a06aefff",
                "sha256:e84d37cbd13e3de46fd551779e3b80fda0f96e6e87dbfed33dbc5b4373037aed"
            ],
            "index": "pypi",
            "markers": "python_version >= '3.8'",
            "version": "==1.3.3"
        },
        "bcrypt": {
            "hashes": [
                "sha256:096a15d26ed6ce37a14c1ac1e48119660f21b24cba457f160a4b830f3fe6b5cb",
                "sha256:0da52759f7f30e83f1e30a888d9163a81353ef224d82dc58eb5bb52efcabc399",
                "sha256:1bb429fedbe0249465cdd85a58e8376f31bb315e484f16e68ca4c786dcc04291",
                "sha256:1d84cf6d877918620b687b8fd1bf7781d11e8a0998f576c7aa939776b512b98d",
                "sha256:1ee38e858bf5d0287c39b7a1fc59eec64bbf880c7d504d3a06a96c16e14058e7",
                "sha256:1ff39b78a52cf03fdf902635e4c81e544714861ba3f0efc56558979dd4f09170",
                "sha256:27fe0f57bb5573104b5a6de5e4153c60814c711b29364c10a75a54bb6d7ff48d",
                "sha256:3413bd60460f76097ee2e0a493ccebe4a7601918219c02f503984f0a7ee0aebe",
                "sha256:3698393a1b1f1fd5714524193849d0c6d524d33523acca37cd28f02899285060",
                "sha256:373db9abe198e8e2c70d12b479464e0d5092cc122b20ec504097b5f2297ed184",
                "sha256:39e1d30c7233cfc54f5c3f2c825156fe044efdd3e0b9d309512cc514a263ec2a",
                "sha256:3bbbfb2734f0e4f37c5136130405332640a1e46e6b23e000eeff2ba8d005da68",
                "sha256:3d3a6d28cb2305b43feac298774b997e372e56c7c7afd90a12b3dc49b189151c",
                "sha256:5a1e8aa9b28ae28020a3ac4b053117fb51c57a010b9f969603ed885f23841458",
                "sha256:61ed14326ee023917ecd093ee6ef422a72f3aec6f07e21ea5f10622b735538a9",
                "sha256:655ea221910bcac76ea08aaa76df427ef8625f92e55a8ee44fbf7753dbabb328",
                "sha256:762a2c5fb35f89606a9fde5e51392dad0cd1ab7ae64149a8b935fe8d79dd5ed7",
                "sha256:77800b7147c9dc905db1cba26abe31e504d8247ac73580b4aa179f98e6608f34",
                "sha256:8ac68872c82f1add6a20bd489870c71b00ebacd2e9134a8aa3f98a0052ab4b0e",
                "sha256:8d7bb9c42801035e61c109c345a28ed7e84426ae4865511eb82e913df18f58c2",
                "sha256:8f6ede91359e5df88d1f5c1ef47428a4420136f3ce97763e31b86dd8280fbdf5",
                "sha256:9c1c4ad86351339c5f320ca372dfba6cb6beb25e8efc659bedd918d921956bae",
                "sha256:c02d944ca89d9b1922ceb8a46460dd17df1ba37ab66feac4870f6862a1533c00",
                "sha256:c52aac18ea1f4a4f65963ea4f9530c306b56ccd0c6f8c8da0c06976e34a6e841",
                "sha256:cb2a8ec2bc07d3553ccebf0746bbf3d19426d1c6d1adbd4fa48925f66af7b9e8",
                "sha256:cf69eaf5185fd58f268f805b505ce31f9b9fc2d64b376642164e9244540c1221",
                "sha256:f4f4acf526fcd1c34e7ce851147deedd4e26e6402369304220250598b26448db"
            ],
            "markers": "python_version >= '3.7'",
            "version": "==4.2.0"
        },
        "blinker": {
            "hashes": [
                "sha256:1779309f71bf239144b9399d06ae925637cf6634cf6bd131104184531bf67c01",
                "sha256:8f77b09d3bf7c795e969e9486f39c2c5e9c39d4ee07424be2bc594ece9642d83"
            ],
            "index": "pypi",
            "markers": "python_version >= '3.8'",
            "version": "==1.8.2"
        },
        "cbor2": {
            "hashes": [
                "sha256:3038523b8fc7de312bb9cdcbbbd599987e64307c4db357cd2030c472a6c7d468",
                "sha256:34cf5ab0dc310c3d0196caa6ae062dc09f6c242e2544bea01691fe60c0230596",
                "sha256:37096663a5a1c46a776aea44906cbe5fa3952f29f50f349179c00525d321c862",
                "sha256:38886c41bebcd7dca57739439455bce759f1e4c551b511f618b8e9c1295b431b",
                "sha256:3d1a18b3a58dcd9b40ab55c726160d4a6b74868f2a35b71f9e726268b46dc6a2",
                "sha256:4586a4f65546243096e56a3f18f29d60752ee9204722377021b3119a03ed99ff",
                "sha256:47261f54a024839ec649b950013c4de5b5f521afe592a2688eebbe22430df1dc",
                "sha256:54c72a3207bb2d4480c2c39dad12d7971ce0853a99e3f9b8d559ce6eac84f66f",
                "sha256:559dcf0d897260a9e95e7b43556a62253e84550b77147a1ad4d2c389a2a30192",
                "sha256:5b856fda4c50c5bc73ed3664e64211fa4f015970ed7a15a4d6361bd48462feaf",
                "sha256:5ce13a27ef8fddf643fc17a753fe34aa72b251d03c23da6a560c005dc171085b",
                "sha256:5cff06464b8f4ca6eb9abcba67bda8f8334a058abc01005c8e616728c387ad32",
                "sha256:61ceb77e6aa25c11c814d4fe8ec9e3bac0094a1f5bd8a2a8c95694596ea01e08",
                "sha256:66dd25dd919cddb0b36f97f9ccfa51947882f064729e65e6bef17c28535dc459",
                "sha256:6797b824b26a30794f2b169c0575301ca9b74ae99064e71d16e6ba0c9057de51",
                "sha256:6e14a1bf6269d25e02ef1d4008e0ce8880aa271d7c6b4c329dba48645764f60e",
                "sha256:73b9647eed1493097db6aad61e03d8f1252080ee041a1755de18000dd2c05f37",
                "sha256:7488aec919f8408f9987a3a32760bd385d8628b23a35477917aa3923ff6ad45f",
                "sha256:7f6d69f38f7d788b04c09ef2b06747536624b452b3c8b371ab78ad43b0296fab",
                "sha256:824f202b556fc204e2e9a67d6d6d624e150fbd791278ccfee24e68caec578afd",
                "sha256:863e0983989d56d5071270790e7ed8ddbda88c9e5288efdb759aba2efee670bc",
                "sha256:87026fc838370d69f23ed8572939bd71cea2b3f6c8f8bb8283f573374b4d7f33",
                "sha256:8f747b7a9aaa58881a0c5b4cd4a9b8fb27eca984ed261a769b61de1f6b5bd1e6",
                "sha256:90bfa36944caccec963e6ab7e01e64e31cc6664535dc06e6295ee3937c999cbb",
                "sha256:93676af02bd9a0b4a62c17c5b20f8e9c37b5019b1a24db70a2ee6cb770423568",
                "sha256:94885903105eec66d7efb55f4ce9884fdc5a4d51f3bd75b6fedc68c5c251511b",
                "sha256:97a7e409b864fecf68b2ace8978eb5df1738799a333ec3ea2b9597bfcdd6d7d2",
                "sha256:a34ee99e86b17444ecbe96d54d909dd1a20e2da9f814ae91b8b71cf1ee2a95e4",
                "sha256:a3ac50485cf67dfaab170a3e7b527630e93cb0a6af8cdaa403054215dff93adf",
                "sha256:a83b76367d1c3e69facbcb8cdf65ed6948678e72f433137b41d27458aa2a40cb",
                "sha256:a88f029522aec5425fc2f941b3df90da7688b6756bd3f0472ab886d21208acbd",
                "sha256:a8947c102cac79d049eadbd5e2ffb8189952890df7cbc3ee262bbc2f95b011a9",
                "sha256:ae2b49226224e92851c333b91d83292ec62eba53a19c68a79890ce35f1230d70",
                "sha256:b682820677ee1dbba45f7da11898d2720f92e06be36acec290867d5ebf3d7e09",
                "sha256:b9d15b638539b68aa5d5eacc56099b4543a38b2d2c896055dccf7e83d24b7955",
                "sha256:e16c4a87fc999b4926f5c8f6c696b0d251b4745bc40f6c5aee51d69b30b15ca2",
                "sha256:e25c2aebc9db99af7190e2261168cdde8ed3d639ca06868e4f477cf3a228a8e9",
                "sha256:f0d0a9c5aabd48ecb17acf56004a7542a0b8d8212be52f3102b8218284bd881e",
                "sha256:f2764804ffb6553283fc4afb10a280715905a4cea4d6dc7c90d3e89c4a93bc8d",
                "sha256:f4c7dbcdc59ea7f5a745d3e30ee5e6b6ff5ce7ac244aa3de6786391b10027bb3",
                "sha256:f91e6d74fa6917df31f8757fdd0e154203b0dd0609ec53eb957016a2b474896a",
                "sha256:fa61a02995f3a996c03884cf1a0b5733f88cbfd7fa0e34944bf678d4227ee712",
                "sha256:fde21ac1cf29336a31615a2c469a9cb03cf0add3ae480672d4d38cda467d07fc",
                "sha256:fe11c2eb518c882cfbeed456e7a552e544893c17db66fe5d3230dbeaca6b615c"
            ],
            "markers": "python_version >= '3.8'",
            "version": "==5.6.5"
        },
        "click": {
            "hashes": [
                "sha256:ae74fb96c20a0277a1d615f1e4d73c8414f5a98db8b799a7931d1582f3390c28",
                "sha256:ca9853ad459e787e2192211578cc907e7594e294c7ccc834310722b41b9ca6de"
            ],
            "index": "pypi",
            "markers": "python_version >= '3.7'",
            "version": "==8.1.7"
        },
        "flask": {
            "hashes": [
                "sha256:34e815dfaa43340d1d15a5c3a02b8476004037eb4840b34910c6e21679d288f3",
                "sha256:ceb27b0af3823ea2737928a4d99d125a06175b8512c445cbd9a9ce200ef76842"
            ],
            "index": "pypi",
            "markers": "python_version >= '3.8'",
            "version": "==3.0.3"
        },
        "flask-bcrypt": {
            "hashes": [
                "sha256:062fd991dc9118d05ac0583675507b9fe4670e44416c97e0e6819d03d01f808a",
                "sha256:f07b66b811417ea64eb188ae6455b0b708a793d966e1a80ceec4a23bc42a4369"
            ],
            "index": "pypi",
            "version": "==1.0.1"
        },
        "flask-login": {
            "hashes": [
                "sha256:5e23d14a607ef12806c699590b89d0f0e0d67baeec599d75947bf9c147330333",
                "sha256:849b25b82a436bf830a054e74214074af59097171562ab10bfa999e6b78aae5d"
            ],
            "index": "pypi",
            "markers": "python_version >= '3.7'",
            "version": "==0.6.3"
        },
        "importlib-metadata": {
            "hashes": [
                "sha256:45e54197d28b7a7f1559e60b95e7c567032b602131fbd588f1497f47880aa68b",
                "sha256:71522656f0abace1d072b9e5481a48f07c138e00f079c38c8f883823f9c26bd7"
            ],
            "index": "pypi",
            "markers": "python_version >= '3.8'",
            "version": "==8.5.0"
        },
        "itsdangerous": {
            "hashes": [
                "sha256:c6242fc49e35958c8b15141343aa660db5fc54d4f13a1db01a3f5891b98700ef",
                "sha256:e0050c0b7da1eea53ffaf149c0cfbb5c6e2e2b69c4bef22c81fa6eb73e5f6173"
            ],
            "index": "pypi",
            "markers": "python_version >= '3.8'",
            "version": "==2.2.0"
        },
        "jinja2": {
            "hashes": [
                "sha256:4a3aee7acbbe7303aede8e9648d13b8bf88a429282aa6122a993f0ac800cb369",
                "sha256:bc5dd2abb727a5319567b7a813e6a2e7318c39f4f487cfe6c89c6f9c7d25197d"
            ],
            "index": "pypi",
            "markers": "python_version >= '3.7'",
            "version": "==3.1.4"
        },
        "markupsafe": {
            "hashes": [
                "sha256:0778de17cff1acaeccc3ff30cd99a3fd5c50fc58ad3d6c0e0c4c58092b859396",
                "sha256:0f84af7e813784feb4d5e4ff7db633aba6c8ca64a833f61d8e4eade234ef0c38",
                "sha256:17b2aea42a7280db02ac644db1d634ad47dcc96faf38ab304fe26ba2680d359a",
                "sha256:242d6860f1fd9191aef5fae22b51c5c19767f93fb9ead4d21924e0bcb17619d8",
                "sha256:244dbe463d5fb6d7ce161301a03a6fe744dac9072328ba9fc82289238582697b",
                "sha256:26627785a54a947f6d7336ce5963569b5d75614619e75193bdb4e06e21d447ad",
                "sha256:2a4b34a8d14649315c4bc26bbfa352663eb51d146e35eef231dd739d54a5430a",
                "sha256:2ae99f31f47d849758a687102afdd05bd3d3ff7dbab0a8f1587981b58a76152a",
                "sha256:312387403cd40699ab91d50735ea7a507b788091c416dd007eac54434aee51da",
                "sha256:3341c043c37d78cc5ae6e3e305e988532b072329639007fd408a476642a89fd6",
                "sha256:33d1c36b90e570ba7785dacd1faaf091203d9942bc036118fab8110a401eb1a8",
                "sha256:3e683ee4f5d0fa2dde4db77ed8dd8a876686e3fc417655c2ece9a90576905344",
                "sha256:3ffb4a8e7d46ed96ae48805746755fadd0909fea2306f93d5d8233ba23dda12a",
                "sha256:40621d60d0e58aa573b68ac5e2d6b20d44392878e0bfc159012a5787c4e35bc8",
                "sha256:40f1e10d51c92859765522cbd79c5c8989f40f0419614bcdc5015e7b6bf97fc5",
                "sha256:45d42d132cff577c92bfba536aefcfea7e26efb975bd455db4e6602f5c9f45e7",
                "sha256:48488d999ed50ba8d38c581d67e496f955821dc183883550a6fbc7f1aefdc170",
                "sha256:4935dd7883f1d50e2ffecca0aa33dc1946a94c8f3fdafb8df5c330e48f71b132",
                "sha256:4c2d64fdba74ad16138300815cfdc6ab2f4647e23ced81f59e940d7d4a1469d9",
                "sha256:4c8817557d0de9349109acb38b9dd570b03cc5014e8aabf1cbddc6e81005becd",
                "sha256:4ffaaac913c3f7345579db4f33b0020db693f302ca5137f106060316761beea9",
                "sha256:5a4cb365cb49b750bdb60b846b0c0bc49ed62e59a76635095a179d440540c346",
                "sha256:62fada2c942702ef8952754abfc1a9f7658a4d5460fabe95ac7ec2cbe0d02abc",
                "sha256:67c519635a4f64e495c50e3107d9b4075aec33634272b5db1cde839e07367589",
                "sha256:6a54c43d3ec4cf2a39f4387ad044221c66a376e58c0d0e971d47c475ba79c6b5",
                "sha256:7044312a928a66a4c2a22644147bc61a199c1709712069a344a3fb5cfcf16915",
                "sha256:730d86af59e0e43ce277bb83970530dd223bf7f2a838e086b50affa6ec5f9295",
                "sha256:800100d45176652ded796134277ecb13640c1a537cad3b8b53da45aa96330453",
                "sha256:80fcbf3add8790caddfab6764bde258b5d09aefbe9169c183f88a7410f0f6dea",
                "sha256:82b5dba6eb1bcc29cc305a18a3c5365d2af06ee71b123216416f7e20d2a84e5b",
                "sha256:852dc840f6d7c985603e60b5deaae1d89c56cb038b577f6b5b8c808c97580f1d",
                "sha256:8ad4ad1429cd4f315f32ef263c1342166695fad76c100c5d979c45d5570ed58b",
                "sha256:8ae369e84466aa70f3154ee23c1451fda10a8ee1b63923ce76667e3077f2b0c4",
                "sha256:93e8248d650e7e9d49e8251f883eed60ecbc0e8ffd6349e18550925e31bd029b",
                "sha256:973a371a55ce9ed333a3a0f8e0bcfae9e0d637711534bcb11e130af2ab9334e7",
                "sha256:9ba25a71ebf05b9bb0e2ae99f8bc08a07ee8e98c612175087112656ca0f5c8bf",
                "sha256:a10860e00ded1dd0a65b83e717af28845bb7bd16d8ace40fe5531491de76b79f",
                "sha256:a4792d3b3a6dfafefdf8e937f14906a51bd27025a36f4b188728a73382231d91",
                "sha256:a7420ceda262dbb4b8d839a4ec63d61c261e4e77677ed7c66c99f4e7cb5030dd",
                "sha256:ad91738f14eb8da0ff82f2acd0098b6257621410dcbd4df20aaa5b4233d75a50",
                "sha256:b6a387d61fe41cdf7ea95b38e9af11cfb1a63499af2759444b99185c4ab33f5b",
                "sha256:b954093679d5750495725ea6f88409946d69cfb25ea7b4c846eef5044194f583",
                "sha256:bbde71a705f8e9e4c3e9e33db69341d040c827c7afa6789b14c6e16776074f5a",
                "sha256:beeebf760a9c1f4c07ef6a53465e8cfa776ea6a2021eda0d0417ec41043fe984",
                "sha256:c91b394f7601438ff79a4b93d16be92f216adb57d813a78be4446fe0f6bc2d8c",
                "sha256:c97ff7fedf56d86bae92fa0a646ce1a0ec7509a7578e1ed238731ba13aabcd1c",
                "sha256:cb53e2a99df28eee3b5f4fea166020d3ef9116fdc5764bc5117486e6d1211b25",
                "sha256:cbf445eb5628981a80f54087f9acdbf84f9b7d862756110d172993b9a5ae81aa",
                "sha256:d06b24c686a34c86c8c1fba923181eae6b10565e4d80bdd7bc1c8e2f11247aa4",
                "sha256:d98e66a24497637dd31ccab090b34392dddb1f2f811c4b4cd80c230205c074a3",
                "sha256:db15ce28e1e127a0013dfb8ac243a8e392db8c61eae113337536edb28bdc1f97",
                "sha256:db842712984e91707437461930e6011e60b39136c7331e971952bb30465bc1a1",
                "sha256:e24bfe89c6ac4c31792793ad9f861b8f6dc4546ac6dc8f1c9083c7c4f2b335cd",
                "sha256:e81c52638315ff4ac1b533d427f50bc0afc746deb949210bc85f05d4f15fd772",
                "sha256:e9393357f19954248b00bed7c56f29a25c930593a77630c719653d51e7669c2a",
                "sha256:ee3941769bd2522fe39222206f6dd97ae83c442a94c90f2b7a25d847d40f4729",
                "sha256:f31ae06f1328595d762c9a2bf29dafd8621c7d3adc130cbb46278079758779ca",
                "sha256:f94190df587738280d544971500b9cafc9b950d32efcb1fba9ac10d84e6aa4e6",
                "sha256:fa7d686ed9883f3d664d39d5a8e74d3c5f63e603c2e3ff0abcba23eac6542635",
                "sha256:fb532dd9900381d2e8f48172ddc5a59db4c445a11b9fab40b3b786da40d3b56b",
                "sha256:fe32482b37b4b00c7a52a07211b479653b7fe4f22b2e481b9a9b099d8a430f2f"
            ],
            "index": "pypi",
            "markers": "python_version >= '3.9'",
            "version": "==3.0.1"
        },
        "micropython-senml": {
            "hashes": [
                "sha256:6e65877a8b0b0efd548c0f539be02477a7026bbce7399b5c578deb501e89450a"
            ],
            "version": "==0.1.1"
        },
        "mysql-connector-python": {
            "hashes": [
                "sha256:109e17a4ada1442e3881a51e2bbabcb336ad229a619ac61e9ad24bd6b9b117bd",
                "sha256:25e261f3260ec798c48cb910862a299e565548a1b5421dec84315ddbc9ef28c4",
                "sha256:28fd99ee464ac3b02d1e2a71a63ca4f25c6110e4414a46a5b64631e6d2096899",
                "sha256:30a8f0ba84f8adf15a4877e80b3f97f786ce35616d918b9310578a2bd22952d5",
                "sha256:346261a2aeb743a39cf66ba8bde5e45931d313b76ce0946a69a6d1187ec7d279",
                "sha256:4f102452c64332b7e042fa37b84d4f15332bd639e479d15035f2a005fb9fbb34",
                "sha256:6d7d5d458d0d600bbbebd9f2bce551e386b359bcce6026f7369b57922d26f13a",
                "sha256:72dcce5f2e4f5910d65f02eb318c1e4622464da007a3ae5e9ccd64169d8efac3",
                "sha256:7b2eb48518b8c2bc9636883d264b291e5c93824fc6b61823ca9cf396a09474ad",
                "sha256:7d99c0a841a2c2a0e4d5b28376c1bfac794ec3821b66eb6fa2f7702cec820ee8",
                "sha256:948ef0c7da87901176d4320e0f40a3277ee06fe6f58ce151c1e60d8d50fdeaf4",
                "sha256:9b23a8e2acee91b5120febe00c53e7f472b9b6d49618e39fa1af86cdc1f0ade8",
                "sha256:abf16fc1155ebeba5558e5702dd7210d634ac8da484eca05a640b68a548dc7cf",
                "sha256:aceaab679b852c0a2ec0eed9eb2a490171b3493484f1881b605cbf2f9c5fde6d",
                "sha256:c350b1aaf257b1b778f44b8bfaeda07751f55e150f5a7464342f36e4aac8e805",
                "sha256:c36a9b9ebf9587aaa5d7928468fefe8faf6fc993a03cb242bb160ede9cf75b2d",
                "sha256:c75f674a52b8820c90d466183b2bb59f89bcf09d17ebe9b391313d89565c8896",
                "sha256:d627ebafc0327b935d8783454e7a4b5c32324ed39a2a1589239490ab850bf7d7",
                "sha256:dacf1aa84dc7dd8ae908626c3ae50fce956d0105130c7465fd248a4f035d50b1",
                "sha256:dcdcf380d07b9ca6f18a95e9516a6185f2ab31a53d290d5e698e77e59c043c9e",
                "sha256:e15153cb8ab5fcec00b99077de536489d22d4809fc28f633850398fef0560b1f",
                "sha256:e26a08a9500407fa8f4a6504f7077d1312bec4fa52cb0a58c1ad324ca1f3eeaa",
                "sha256:e2f0876e1efd76e05853cb0a623dba2746ee70686c043019d811737dd5c3d871",
                "sha256:e75ecb3df2c2cbe4d92d5dd58a318fa708edebc0fa2d850fc2a9d42481dbb808",
                "sha256:ec4386b2426bfb07f83455bf895d8a7e2d6c067343ac05be5511083ca2424991",
                "sha256:f67b22e3eaf5b03ffac97232d3dd67b56abcacad907ad4391c847bad5ba58f0e",
                "sha256:fec943d333851c4b5e57cd0b04dde36e6817f0d4d62b2a58ce028a82be444866"
            ],
            "index": "pypi",
            "markers": "python_version >= '3.9'",
            "version": "==9.1.0"
        },
        "pymysql": {
            "hashes": [
                "sha256:4de15da4c61dc132f4fb9ab763063e693d521a80fd0e87943b9a453dd4c19d6c",
                "sha256:e127611aaf2b417403c60bf4dc570124aeb4a57f5f37b8e95ae399a42f904cd0"
            ],
            "index": "pypi",
            "markers": "python_version >= '3.7'",
            "version": "==1.1.1"
        },
        "pyserial": {
            "hashes": [
                "sha256:3c77e014170dfffbd816e6ffc205e9842efb10be9f58ec16d3e8675b4925cddb",
                "sha256:c4451db6ba391ca6ca299fb3ec7bae67a5c55dde170964c7a14ceefec02f2cf0"
            ],
            "index": "pypi",
            "version": "==3.5"
        },
        "python-dotenv": {
            "hashes": [
                "sha256:e324ee90a023d808f1959c46bcbc04446a10ced277783dc6ee09987c37ec10ca",
                "sha256:f7b63ef50f1b690dddf550d03497b66d609393b40b564ed0d674909a68ebf16a"
            ],
            "index": "pypi",
            "markers": "python_version >= '3.8'",
            "version": "==1.0.1"
        },
        "swig": {
            "hashes": [
                "sha256:0cd1812ef95a806eec82ee74b601aa0afd616beffb4227afe090bdc12f690286",
                "sha256:23d2f90145b32e74f7386b5a99168ecd3000fad232530866c2b390325a39da19",
                "sha256:2482156f6fba8a8a720246a95d203530834e3d8da981f904ef71c1a7e9d68efe",
                "sha256:30bfb7d8f4bc6ae843c9f36825abfe1fbdadf0982cbb119af64da3f750c01620",
                "sha256:3b19337ab24aa5483bea5a36282e454c18ed03af1ada0efd92d02c1bea96dbd1",
                "sha256:3b7389a1c86d39637b7364f11a1dd8cfb52b1ebba40a2356d2ded74498f4cff7",
                "sha256:41cbe797f6ba49fc600c629928e1afd2632be23bc7d1603543360234e1773dae",
                "sha256:4f8931d0f33a91a611f084a26ecf1364845b5ff8b417db2b99cc8b8a4d8215e3",
                "sha256:5c4d8e3c928d5efba698b4610a9292b51a0597958ced79506f76f102ac621184",
                "sha256:5c8826b415d6feaca2bbf1f4bd0ff900d6dbb9ddd3b1850f95129b8aac1eb44b",
                "sha256:6f30b409d20b1e96f5432bf94e0106cf68596884b6da70323d5a21b8f43e3f3b",
                "sha256:7ce1fd4518ca0a63b809177ed8e0ec11ab485f8ebb66752605c978b964e75b5b",
                "sha256:9f3482aadf1d6ce3122a84fcd854c32dd5031dd65dba5d5dd9f73deb7333c505",
                "sha256:bfe68d1c8294632bc6e9a1be7abfb3daafce0794d8dfa94fbccd6326073124b8",
                "sha256:c7b2db2ccff556dbfc88ef98773b3524b18bc4077ea1d7a5d7339c3a1f3f70dc",
                "sha256:cdbb1748132ce99defaf4ebf1736c457fb13788183264af28f17d0d477e109ba"
            ],
            "index": "pypi",
            "version": "==4.2.1"
        },
        "werkzeug": {
            "hashes": [
                "sha256:02c9eb92b7d6c06f31a782811505d2157837cea66aaede3e217c7c27c039476c",
                "sha256:34f2371506b250df4d4f84bfe7b0921e4762525762bbd936614909fe25cd7306"
            ],
            "index": "pypi",
            "markers": "python_version >= '3.8'",
            "version": "==3.0.4"
        },
        "zipp": {
            "hashes": [
                "sha256:a817ac80d6cf4b23bf7f2828b7cabf326f15a001bea8b1f9b49631780ba28350",
                "sha256:bc9eb26f4506fda01b81bcde0ca78103b6e62f991b381fec825435c836edbc29"
            ],
            "index": "pypi",
            "markers": "python_version >= '3.8'",
            "version": "==3.20.2"
        }
    },
    "develop": {}
}
